
Microsoft Visual Studio Solution File, Format Version 12.00
# Visual Studio Version 17
VisualStudioVersion = 17.5.33516.290
MinimumVisualStudioVersion = 10.0.40219.1
Project("{FAE04EC0-301F-11D3-BF4B-00C04F79EFBC}") = "14-04", "14-04\14-04.csproj", "{72905719-2ECD-47BD-A4BE-123E913694BC}"
EndProject
Global
	GlobalSection(SolutionConfigurationPlatforms) = preSolution
		Debug|Any CPU = Debug|Any CPU
		Release|Any CPU = Release|Any CPU
	EndGlobalSection
	GlobalSection(ProjectConfigurationPlatforms) = postSolution
		{72905719-2ECD-47BD-A4BE-123E913694BC}.Debug|Any CPU.ActiveCfg = Debug|Any CPU
		{72905719-2ECD-47BD-A4BE-123E913694BC}.Debug|Any CPU.Build.0 = Debug|Any CPU
		{72905719-2ECD-47BD-A4BE-123E913694BC}.Release|Any CPU.ActiveCfg = Release|Any CPU
		{72905719-2ECD-47BD-A4BE-123E913694BC}.Release|Any CPU.Build.0 = Release|Any CPU
	EndGlobalSection
	GlobalSection(SolutionProperties) = preSolution
		HideSolutionNode = FALSE
	EndGlobalSection
	GlobalSection(ExtensibilityGlobals) = postSolution
		SolutionGuid = {81BD31A7-CE64-44BB-8220-74C0D7AEC95C}
	EndGlobalSection
EndGlobal
